
Microsoft Visual Studio Solution File, Format Version 12.00
Project("{2150E333-8FDC-42A3-9474-1A3956D46DE8}") = "src", "src", "{6037A6A0-1283-485A-AAC6-E66E161DC53B}"
EndProject
Project("{2150E333-8FDC-42A3-9474-1A3956D46DE8}") = "docs", "docs", "{06315C27-6E72-4577-9D2B-9DC6B4B452FB}"
	ProjectSection(SolutionItems) = preProject
		docs\.gitkeep = docs\.gitkeep
	EndProjectSection
EndProject
Project("{2150E333-8FDC-42A3-9474-1A3956D46DE8}") = "tests", "tests", "{9D354C33-B574-4BDD-9106-AF595E36DAD9}"
	ProjectSection(SolutionItems) = preProject
		tests\.gitkeep = tests\.gitkeep
	EndProjectSection
EndProject
Project("{FAE04EC0-301F-11D3-BF4B-00C04F79EFBC}") = "ElevatorSimulator.App", "src\ElevatorSimulator.App\ElevatorSimulator.App.csproj", "{6749DCEC-74C7-487D-AC87-7D44BED90DCE}"
EndProject
Global
	GlobalSection(SolutionConfigurationPlatforms) = preSolution
		Debug|Any CPU = Debug|Any CPU
		Release|Any CPU = Release|Any CPU
	EndGlobalSection
	GlobalSection(NestedProjects) = preSolution
		{6749DCEC-74C7-487D-AC87-7D44BED90DCE} = {6037A6A0-1283-485A-AAC6-E66E161DC53B}
	EndGlobalSection
	GlobalSection(ProjectConfigurationPlatforms) = postSolution
		{6749DCEC-74C7-487D-AC87-7D44BED90DCE}.Debug|Any CPU.ActiveCfg = Debug|Any CPU
		{6749DCEC-74C7-487D-AC87-7D44BED90DCE}.Debug|Any CPU.Build.0 = Debug|Any CPU
		{6749DCEC-74C7-487D-AC87-7D44BED90DCE}.Release|Any CPU.ActiveCfg = Release|Any CPU
		{6749DCEC-74C7-487D-AC87-7D44BED90DCE}.Release|Any CPU.Build.0 = Release|Any CPU
	EndGlobalSection
EndGlobal
